
Microsoft Visual Studio Solution File, Format Version 12.00
# Visual Studio Version 17
VisualStudioVersion = 17.7.34031.279
MinimumVisualStudioVersion = 10.0.40219.1
Project("{2150E333-8FDC-42A3-9474-1A3956D46DE8}") = "1 - Application", "1 - Application", "{92CF06CD-8319-4B92-A05D-24632DD1DE54}"
EndProject
Project("{2150E333-8FDC-42A3-9474-1A3956D46DE8}") = "2 - Domain", "2 - Domain", "{66CB639F-8671-4F5F-96E1-8948B4542CA8}"
EndProject
Project("{2150E333-8FDC-42A3-9474-1A3956D46DE8}") = "4 - Infra", "4 - Infra", "{23786B03-ECE2-4C84-A2CE-3029BC5068B6}"
EndProject
Project("{2150E333-8FDC-42A3-9474-1A3956D46DE8}") = "4.1 - Data", "4.1 - Data", "{20B80602-6582-4A79-8C7B-16F59DF21A74}"
EndProject
Project("{2150E333-8FDC-42A3-9474-1A3956D46DE8}") = "4.2 - CrossCutting", "4.2 - CrossCutting", "{E25E7B0B-054C-4DF1-8F90-3DD30E9D0EAC}"
EndProject
Project("{9A19103F-16F7-4668-BE54-9A1E7A4F7556}") = "RS.Barber.Application", "src\RS.Barber.Application\RS.Barber.Application.csproj", "{97C929A0-46F8-42D2-AD61-416AA310F23D}"
EndProject
Project("{9A19103F-16F7-4668-BE54-9A1E7A4F7556}") = "RS.Barber.Domain", "src\RS.Barber.Domain\RS.Barber.Domain.csproj", "{31730587-FCB3-4CBE-8915-D691D5FBE830}"
EndProject
Project("{9A19103F-16F7-4668-BE54-9A1E7A4F7556}") = "RS.Barber.Infra.Data", "src\RS.Barber.Infra.Data\RS.Barber.Infra.Data.csproj", "{000D9AAF-07FA-4EBB-BB6F-5059ECEEFC98}"
EndProject
Project("{9A19103F-16F7-4668-BE54-9A1E7A4F7556}") = "RS.Barber.Infra.CrossCutting", "src\RS.Barber.Infra.CrossCutting\RS.Barber.Infra.CrossCutting.csproj", "{B454A877-FB1B-4657-B227-01E53DE0107C}"
EndProject
Project("{2150E333-8FDC-42A3-9474-1A3956D46DE8}") = "3 - Service", "3 - Service", "{82051830-CD77-46E9-99C6-BD2D1B986F06}"
EndProject
Project("{9A19103F-16F7-4668-BE54-9A1E7A4F7556}") = "RS.Barber.Service", "src\RS.Barber.Service\RS.Barber.Service.csproj", "{9ED822F7-1D40-419B-A658-0939A23D30F9}"
EndProject
Project("{2150E333-8FDC-42A3-9474-1A3956D46DE8}") = "4.3 - Utils", "4.3 - Utils", "{F5ABD9EC-6454-47EB-A7AE-A4FBFB633AF2}"
EndProject
Project("{FAE04EC0-301F-11D3-BF4B-00C04F79EFBC}") = "RS.Barber.Utils", "src\RS.Barber.Utils\RS.Barber.Utils.csproj", "{AD67615D-F91E-42D8-8469-A9CE8DDD527F}"
EndProject
Global
	GlobalSection(SolutionConfigurationPlatforms) = preSolution
		Debug|Any CPU = Debug|Any CPU
		Release|Any CPU = Release|Any CPU
	EndGlobalSection
	GlobalSection(ProjectConfigurationPlatforms) = postSolution
		{97C929A0-46F8-42D2-AD61-416AA310F23D}.Debug|Any CPU.ActiveCfg = Debug|Any CPU
		{97C929A0-46F8-42D2-AD61-416AA310F23D}.Debug|Any CPU.Build.0 = Debug|Any CPU
		{97C929A0-46F8-42D2-AD61-416AA310F23D}.Release|Any CPU.ActiveCfg = Release|Any CPU
		{97C929A0-46F8-42D2-AD61-416AA310F23D}.Release|Any CPU.Build.0 = Release|Any CPU
		{31730587-FCB3-4CBE-8915-D691D5FBE830}.Debug|Any CPU.ActiveCfg = Debug|Any CPU
		{31730587-FCB3-4CBE-8915-D691D5FBE830}.Debug|Any CPU.Build.0 = Debug|Any CPU
		{31730587-FCB3-4CBE-8915-D691D5FBE830}.Release|Any CPU.ActiveCfg = Release|Any CPU
		{31730587-FCB3-4CBE-8915-D691D5FBE830}.Release|Any CPU.Build.0 = Release|Any CPU
		{000D9AAF-07FA-4EBB-BB6F-5059ECEEFC98}.Debug|Any CPU.ActiveCfg = Debug|Any CPU
		{000D9AAF-07FA-4EBB-BB6F-5059ECEEFC98}.Debug|Any CPU.Build.0 = Debug|Any CPU
		{000D9AAF-07FA-4EBB-BB6F-5059ECEEFC98}.Release|Any CPU.ActiveCfg = Release|Any CPU
		{000D9AAF-07FA-4EBB-BB6F-5059ECEEFC98}.Release|Any CPU.Build.0 = Release|Any CPU
		{B454A877-FB1B-4657-B227-01E53DE0107C}.Debug|Any CPU.ActiveCfg = Debug|Any CPU
		{B454A877-FB1B-4657-B227-01E53DE0107C}.Debug|Any CPU.Build.0 = Debug|Any CPU
		{B454A877-FB1B-4657-B227-01E53DE0107C}.Release|Any CPU.ActiveCfg = Release|Any CPU
		{B454A877-FB1B-4657-B227-01E53DE0107C}.Release|Any CPU.Build.0 = Release|Any CPU
		{9ED822F7-1D40-419B-A658-0939A23D30F9}.Debug|Any CPU.ActiveCfg = Debug|Any CPU
		{9ED822F7-1D40-419B-A658-0939A23D30F9}.Debug|Any CPU.Build.0 = Debug|Any CPU
		{9ED822F7-1D40-419B-A658-0939A23D30F9}.Release|Any CPU.ActiveCfg = Release|Any CPU
		{9ED822F7-1D40-419B-A658-0939A23D30F9}.Release|Any CPU.Build.0 = Release|Any CPU
		{AD67615D-F91E-42D8-8469-A9CE8DDD527F}.Debug|Any CPU.ActiveCfg = Debug|Any CPU
		{AD67615D-F91E-42D8-8469-A9CE8DDD527F}.Debug|Any CPU.Build.0 = Debug|Any CPU
		{AD67615D-F91E-42D8-8469-A9CE8DDD527F}.Release|Any CPU.ActiveCfg = Release|Any CPU
		{AD67615D-F91E-42D8-8469-A9CE8DDD527F}.Release|Any CPU.Build.0 = Release|Any CPU
	EndGlobalSection
	GlobalSection(SolutionProperties) = preSolution
		HideSolutionNode = FALSE
	EndGlobalSection
	GlobalSection(NestedProjects) = preSolution
		{20B80602-6582-4A79-8C7B-16F59DF21A74} = {23786B03-ECE2-4C84-A2CE-3029BC5068B6}
		{E25E7B0B-054C-4DF1-8F90-3DD30E9D0EAC} = {23786B03-ECE2-4C84-A2CE-3029BC5068B6}
		{97C929A0-46F8-42D2-AD61-416AA310F23D} = {92CF06CD-8319-4B92-A05D-24632DD1DE54}
		{31730587-FCB3-4CBE-8915-D691D5FBE830} = {66CB639F-8671-4F5F-96E1-8948B4542CA8}
		{000D9AAF-07FA-4EBB-BB6F-5059ECEEFC98} = {20B80602-6582-4A79-8C7B-16F59DF21A74}
		{B454A877-FB1B-4657-B227-01E53DE0107C} = {E25E7B0B-054C-4DF1-8F90-3DD30E9D0EAC}
		{9ED822F7-1D40-419B-A658-0939A23D30F9} = {82051830-CD77-46E9-99C6-BD2D1B986F06}
		{F5ABD9EC-6454-47EB-A7AE-A4FBFB633AF2} = {23786B03-ECE2-4C84-A2CE-3029BC5068B6}
		{AD67615D-F91E-42D8-8469-A9CE8DDD527F} = {F5ABD9EC-6454-47EB-A7AE-A4FBFB633AF2}
	EndGlobalSection
	GlobalSection(ExtensibilityGlobals) = postSolution
		SolutionGuid = {9797ABD6-6654-4E35-A2D9-928A2346EFEA}
	EndGlobalSection
EndGlobal
